
Microsoft Visual Studio Solution File, Format Version 12.00
# Visual Studio Version 17
VisualStudioVersion = 17.9.34728.123
MinimumVisualStudioVersion = 10.0.40219.1
Project("{FAE04EC0-301F-11D3-BF4B-00C04F79EFBC}") = "ReportStudio.Domain", "ReportStudio.Domain\ReportStudio.Domain.csproj", "{14E8E2CD-84F4-4F1C-8753-5E85940B08D4}"
EndProject
Project("{FAE04EC0-301F-11D3-BF4B-00C04F79EFBC}") = "ReportStudio.Designer", "ReportStudio.Designer\ReportStudio.Designer.csproj", "{3929DF4B-265E-49A5-8407-DC19B06C89C3}"
EndProject
Project("{FAE04EC0-301F-11D3-BF4B-00C04F79EFBC}") = "ReportStudio.Print", "ReportStudio.Print\ReportStudio.Print.csproj", "{EEAF3C0F-F422-4EAD-92A8-659737A6A87E}"
EndProject
Global
	GlobalSection(SolutionConfigurationPlatforms) = preSolution
		Debug|Any CPU = Debug|Any CPU
		Release|Any CPU = Release|Any CPU
	EndGlobalSection
	GlobalSection(ProjectConfigurationPlatforms) = postSolution
		{14E8E2CD-84F4-4F1C-8753-5E85940B08D4}.Debug|Any CPU.ActiveCfg = Debug|Any CPU
		{14E8E2CD-84F4-4F1C-8753-5E85940B08D4}.Debug|Any CPU.Build.0 = Debug|Any CPU
		{14E8E2CD-84F4-4F1C-8753-5E85940B08D4}.Release|Any CPU.ActiveCfg = Release|Any CPU
		{14E8E2CD-84F4-4F1C-8753-5E85940B08D4}.Release|Any CPU.Build.0 = Release|Any CPU
		{3929DF4B-265E-49A5-8407-DC19B06C89C3}.Debug|Any CPU.ActiveCfg = Debug|Any CPU
		{3929DF4B-265E-49A5-8407-DC19B06C89C3}.Debug|Any CPU.Build.0 = Debug|Any CPU
		{3929DF4B-265E-49A5-8407-DC19B06C89C3}.Release|Any CPU.ActiveCfg = Release|Any CPU
		{3929DF4B-265E-49A5-8407-DC19B06C89C3}.Release|Any CPU.Build.0 = Release|Any CPU
		{EEAF3C0F-F422-4EAD-92A8-659737A6A87E}.Debug|Any CPU.ActiveCfg = Debug|Any CPU
		{EEAF3C0F-F422-4EAD-92A8-659737A6A87E}.Debug|Any CPU.Build.0 = Debug|Any CPU
		{EEAF3C0F-F422-4EAD-92A8-659737A6A87E}.Release|Any CPU.ActiveCfg = Release|Any CPU
		{EEAF3C0F-F422-4EAD-92A8-659737A6A87E}.Release|Any CPU.Build.0 = Release|Any CPU
	EndGlobalSection
	GlobalSection(SolutionProperties) = preSolution
		HideSolutionNode = FALSE
	EndGlobalSection
	GlobalSection(ExtensibilityGlobals) = postSolution
		SolutionGuid = {6EBDA2FC-8F0F-42CE-9612-C6B2F85C7316}
	EndGlobalSection
EndGlobal
